{
  "name": "1800_202410_BBY22",
  "lockfileVersion": 3,
  "requires": true,
  "packages": {
    "": {
      "dependencies": {
        "@sweetalert2/themes": "^5.0.16",
        "sweetalert2": "^11.10.7"
      }
    },
    "node_modules/@sweetalert2/themes": {
      "version": "5.0.16",
      "resolved": "https://registry.npmjs.org/@sweetalert2/themes/-/themes-5.0.16.tgz",
      "integrity": "sha512-0RR8WcJO/4iDjrHPYPNAgpM79pN3ogWhS8qCBspH73mehUzExx+kni1cP5aS/AFBhhiKuM77S8CRXJSGh/bXHg==",
      "peerDependencies": {
        "sweetalert2": "^11.0.0"
      }
    },
    "node_modules/sweetalert2": {
      "version": "11.10.7",
      "resolved": "https://registry.npmjs.org/sweetalert2/-/sweetalert2-11.10.7.tgz",
      "integrity": "sha512-5Jlzrmaitay6KzU+2+LhYu9q+L4v/dZ8oZyEDH14ep0C/QilCnFLHmqAyD/Lhq/lm5DiwsOs6Tr58iv8k3wyGg==",
      "funding": {
        "type": "individual",
        "url": "https://github.com/sponsors/limonte"
      }
    }
  }
}
